
Microsoft Visual Studio Solution File, Format Version 12.00
# Visual Studio Version 16
VisualStudioVersion = 16.0.30611.23
MinimumVisualStudioVersion = 10.0.40219.1
Project("{FAE04EC0-301F-11D3-BF4B-00C04F79EFBC}") = "ConsoleAppFacade", "ConsoleAppFacade.csproj", "{71DAA461-BC3F-4D92-8EDA-E7856814B58E}"
EndProject
Global
	GlobalSection(SolutionConfigurationPlatforms) = preSolution
		Debug|Any CPU = Debug|Any CPU
		Release|Any CPU = Release|Any CPU
	EndGlobalSection
	GlobalSection(ProjectConfigurationPlatforms) = postSolution
		{71DAA461-BC3F-4D92-8EDA-E7856814B58E}.Debug|Any CPU.ActiveCfg = Debug|Any CPU
		{71DAA461-BC3F-4D92-8EDA-E7856814B58E}.Debug|Any CPU.Build.0 = Debug|Any CPU
		{71DAA461-BC3F-4D92-8EDA-E7856814B58E}.Release|Any CPU.ActiveCfg = Release|Any CPU
		{71DAA461-BC3F-4D92-8EDA-E7856814B58E}.Release|Any CPU.Build.0 = Release|Any CPU
	EndGlobalSection
	GlobalSection(SolutionProperties) = preSolution
		HideSolutionNode = FALSE
	EndGlobalSection
	GlobalSection(ExtensibilityGlobals) = postSolution
		SolutionGuid = {C083C386-37E3-427C-B925-3A2DB7B302AC}
	EndGlobalSection
EndGlobal
