
Microsoft Visual Studio Solution File, Format Version 12.00
# Visual Studio Version 16
VisualStudioVersion = 16.0.30611.23
MinimumVisualStudioVersion = 10.0.40219.1
Project("{FAE04EC0-301F-11D3-BF4B-00C04F79EFBC}") = "CM1", "CM1.csproj", "{03AAF01B-6009-4085-9312-D3FC90ABE66E}"
EndProject
Global
	GlobalSection(SolutionConfigurationPlatforms) = preSolution
		Debug|Any CPU = Debug|Any CPU
		Release|Any CPU = Release|Any CPU
	EndGlobalSection
	GlobalSection(ProjectConfigurationPlatforms) = postSolution
		{03AAF01B-6009-4085-9312-D3FC90ABE66E}.Debug|Any CPU.ActiveCfg = Debug|Any CPU
		{03AAF01B-6009-4085-9312-D3FC90ABE66E}.Debug|Any CPU.Build.0 = Debug|Any CPU
		{03AAF01B-6009-4085-9312-D3FC90ABE66E}.Release|Any CPU.ActiveCfg = Release|Any CPU
		{03AAF01B-6009-4085-9312-D3FC90ABE66E}.Release|Any CPU.Build.0 = Release|Any CPU
	EndGlobalSection
	GlobalSection(SolutionProperties) = preSolution
		HideSolutionNode = FALSE
	EndGlobalSection
	GlobalSection(ExtensibilityGlobals) = postSolution
		SolutionGuid = {80591CCB-7478-4EEE-B90F-85219FC2B8C4}
	EndGlobalSection
EndGlobal
